
Microsoft Visual Studio Solution File, Format Version 12.00
# Visual Studio Version 16
VisualStudioVersion = 16.0.29709.97
MinimumVisualStudioVersion = 10.0.40219.1
Project("{FAE04EC0-301F-11D3-BF4B-00C04F79EFBC}") = "Three", "Three\Three.csproj", "{C31F8950-45FC-48F6-8473-8D48C221130D}"
EndProject
Global
	GlobalSection(SolutionConfigurationPlatforms) = preSolution
		Debug|Any CPU = Debug|Any CPU
		Release|Any CPU = Release|Any CPU
	EndGlobalSection
	GlobalSection(ProjectConfigurationPlatforms) = postSolution
		{C31F8950-45FC-48F6-8473-8D48C221130D}.Debug|Any CPU.ActiveCfg = Debug|Any CPU
		{C31F8950-45FC-48F6-8473-8D48C221130D}.Debug|Any CPU.Build.0 = Debug|Any CPU
		{C31F8950-45FC-48F6-8473-8D48C221130D}.Release|Any CPU.ActiveCfg = Release|Any CPU
		{C31F8950-45FC-48F6-8473-8D48C221130D}.Release|Any CPU.Build.0 = Release|Any CPU
	EndGlobalSection
	GlobalSection(SolutionProperties) = preSolution
		HideSolutionNode = FALSE
	EndGlobalSection
	GlobalSection(ExtensibilityGlobals) = postSolution
		SolutionGuid = {A2D84B8F-CCD5-4E5D-872C-2A1415D88648}
	EndGlobalSection
EndGlobal
